
Microsoft Visual Studio Solution File, Format Version 12.00
# Visual Studio Version 17
VisualStudioVersion = 17.11.35201.85
MinimumVisualStudioVersion = 10.0.40219.1
Project("{FAE04EC0-301F-11D3-BF4B-00C04F79EFBC}") = "TestTask4", "TestTask4\TestTask4.csproj", "{7519BE4A-B4AE-4ECC-8856-57C585ED8DC3}"
EndProject
Project("{FAE04EC0-301F-11D3-BF4B-00C04F79EFBC}") = "Testing", "ConsoleApp1\Testing.csproj", "{BAC5D8BA-C300-46EA-BBD9-625FCA116A48}"
EndProject
Global
	GlobalSection(SolutionConfigurationPlatforms) = preSolution
		Debug|Any CPU = Debug|Any CPU
		Release|Any CPU = Release|Any CPU
	EndGlobalSection
	GlobalSection(ProjectConfigurationPlatforms) = postSolution
		{7519BE4A-B4AE-4ECC-8856-57C585ED8DC3}.Debug|Any CPU.ActiveCfg = Debug|Any CPU
		{7519BE4A-B4AE-4ECC-8856-57C585ED8DC3}.Debug|Any CPU.Build.0 = Debug|Any CPU
		{7519BE4A-B4AE-4ECC-8856-57C585ED8DC3}.Release|Any CPU.ActiveCfg = Release|Any CPU
		{7519BE4A-B4AE-4ECC-8856-57C585ED8DC3}.Release|Any CPU.Build.0 = Release|Any CPU
		{BAC5D8BA-C300-46EA-BBD9-625FCA116A48}.Debug|Any CPU.ActiveCfg = Debug|Any CPU
		{BAC5D8BA-C300-46EA-BBD9-625FCA116A48}.Debug|Any CPU.Build.0 = Debug|Any CPU
		{BAC5D8BA-C300-46EA-BBD9-625FCA116A48}.Release|Any CPU.ActiveCfg = Release|Any CPU
		{BAC5D8BA-C300-46EA-BBD9-625FCA116A48}.Release|Any CPU.Build.0 = Release|Any CPU
	EndGlobalSection
	GlobalSection(SolutionProperties) = preSolution
		HideSolutionNode = FALSE
	EndGlobalSection
	GlobalSection(ExtensibilityGlobals) = postSolution
		SolutionGuid = {1540C344-15FB-4842-8FE3-99B93C413EAB}
	EndGlobalSection
EndGlobal
